
Microsoft Visual Studio Solution File, Format Version 12.00
# Visual Studio Version 17
VisualStudioVersion = 17.11.35303.130
MinimumVisualStudioVersion = 10.0.40219.1
Project("{9A19103F-16F7-4668-BE54-9A1E7A4F7556}") = "Simple.BettingExchange.Api", "Simple.BettingExchange.Api\Simple.BettingExchange.Api.csproj", "{3B13D7DC-6A59-4365-B100-22713E12BFC7}"
EndProject
Project("{2150E333-8FDC-42A3-9474-1A3956D46DE8}") = "Éléments de solution", "Éléments de solution", "{6182E4EE-E9BC-43A2-B90F-DE33859F6354}"
	ProjectSection(SolutionItems) = preProject
		docker-compose.yml = docker-compose.yml
		Dockerfile = Dockerfile
		Readme.md = Readme.md
	EndProjectSection
EndProject
Global
	GlobalSection(SolutionConfigurationPlatforms) = preSolution
		Debug|Any CPU = Debug|Any CPU
		Release|Any CPU = Release|Any CPU
	EndGlobalSection
	GlobalSection(ProjectConfigurationPlatforms) = postSolution
		{3B13D7DC-6A59-4365-B100-22713E12BFC7}.Debug|Any CPU.ActiveCfg = Debug|Any CPU
		{3B13D7DC-6A59-4365-B100-22713E12BFC7}.Debug|Any CPU.Build.0 = Debug|Any CPU
		{3B13D7DC-6A59-4365-B100-22713E12BFC7}.Release|Any CPU.ActiveCfg = Release|Any CPU
		{3B13D7DC-6A59-4365-B100-22713E12BFC7}.Release|Any CPU.Build.0 = Release|Any CPU
	EndGlobalSection
	GlobalSection(SolutionProperties) = preSolution
		HideSolutionNode = FALSE
	EndGlobalSection
	GlobalSection(ExtensibilityGlobals) = postSolution
		SolutionGuid = {B74A47A9-E331-4B76-AD7C-C792A37492F8}
	EndGlobalSection
EndGlobal
